
Microsoft Visual Studio Solution File, Format Version 12.00
# Visual Studio 15
VisualStudioVersion = 15.0.28010.2019
MinimumVisualStudioVersion = 10.0.40219.1
Project("{FAE04EC0-301F-11D3-BF4B-00C04F79EFBC}") = "TheBetterFactory", "TheBetterFactory\TheBetterFactory.csproj", "{3220F69E-8E78-4583-B08A-34B95CCCA4EE}"
EndProject
Global
	GlobalSection(SolutionConfigurationPlatforms) = preSolution
		Debug|Any CPU = Debug|Any CPU
		Release|Any CPU = Release|Any CPU
	EndGlobalSection
	GlobalSection(ProjectConfigurationPlatforms) = postSolution
		{3220F69E-8E78-4583-B08A-34B95CCCA4EE}.Debug|Any CPU.ActiveCfg = Debug|Any CPU
		{3220F69E-8E78-4583-B08A-34B95CCCA4EE}.Debug|Any CPU.Build.0 = Debug|Any CPU
		{3220F69E-8E78-4583-B08A-34B95CCCA4EE}.Release|Any CPU.ActiveCfg = Release|Any CPU
		{3220F69E-8E78-4583-B08A-34B95CCCA4EE}.Release|Any CPU.Build.0 = Release|Any CPU
	EndGlobalSection
	GlobalSection(SolutionProperties) = preSolution
		HideSolutionNode = FALSE
	EndGlobalSection
	GlobalSection(ExtensibilityGlobals) = postSolution
		SolutionGuid = {F6B2AA88-704C-4238-AB5F-21AC64EDFA9B}
	EndGlobalSection
EndGlobal
